
Microsoft Visual Studio Solution File, Format Version 12.00
# Visual Studio Version 17
VisualStudioVersion = 17.10.35122.118
MinimumVisualStudioVersion = 10.0.40219.1
Project("{FAE04EC0-301F-11D3-BF4B-00C04F79EFBC}") = "Week2", "Week2\Week2.csproj", "{746946A0-73BC-44F7-BD5C-C48DA5F1EB4E}"
EndProject
Project("{FAE04EC0-301F-11D3-BF4B-00C04F79EFBC}") = "UserGenderValidation", "UserAgeValidation\UserGenderValidation.csproj", "{B88727D0-2F7D-4DAD-8044-C0227AE15926}"
EndProject
Project("{FAE04EC0-301F-11D3-BF4B-00C04F79EFBC}") = "UserAgeValidation1", "UserAgeValidation1\UserAgeValidation1.csproj", "{89F6D210-7BD2-48EF-9B35-F4403C21413E}"
EndProject
Global
	GlobalSection(SolutionConfigurationPlatforms) = preSolution
		Debug|Any CPU = Debug|Any CPU
		Release|Any CPU = Release|Any CPU
	EndGlobalSection
	GlobalSection(ProjectConfigurationPlatforms) = postSolution
		{746946A0-73BC-44F7-BD5C-C48DA5F1EB4E}.Debug|Any CPU.ActiveCfg = Debug|Any CPU
		{746946A0-73BC-44F7-BD5C-C48DA5F1EB4E}.Debug|Any CPU.Build.0 = Debug|Any CPU
		{746946A0-73BC-44F7-BD5C-C48DA5F1EB4E}.Release|Any CPU.ActiveCfg = Release|Any CPU
		{746946A0-73BC-44F7-BD5C-C48DA5F1EB4E}.Release|Any CPU.Build.0 = Release|Any CPU
		{B88727D0-2F7D-4DAD-8044-C0227AE15926}.Debug|Any CPU.ActiveCfg = Debug|Any CPU
		{B88727D0-2F7D-4DAD-8044-C0227AE15926}.Debug|Any CPU.Build.0 = Debug|Any CPU
		{B88727D0-2F7D-4DAD-8044-C0227AE15926}.Release|Any CPU.ActiveCfg = Release|Any CPU
		{B88727D0-2F7D-4DAD-8044-C0227AE15926}.Release|Any CPU.Build.0 = Release|Any CPU
		{89F6D210-7BD2-48EF-9B35-F4403C21413E}.Debug|Any CPU.ActiveCfg = Debug|Any CPU
		{89F6D210-7BD2-48EF-9B35-F4403C21413E}.Debug|Any CPU.Build.0 = Debug|Any CPU
		{89F6D210-7BD2-48EF-9B35-F4403C21413E}.Release|Any CPU.ActiveCfg = Release|Any CPU
		{89F6D210-7BD2-48EF-9B35-F4403C21413E}.Release|Any CPU.Build.0 = Release|Any CPU
	EndGlobalSection
	GlobalSection(SolutionProperties) = preSolution
		HideSolutionNode = FALSE
	EndGlobalSection
	GlobalSection(ExtensibilityGlobals) = postSolution
		SolutionGuid = {E54508AB-BC65-4980-BD50-3C097EC8BE58}
	EndGlobalSection
EndGlobal
